<?xml version="1.0" encoding="utf-8"?>
<Project ToolsVersion="4.0" xmlns="http://schemas.microsoft.com/developer/msbuild/2003">
  <ItemGroup>
    <Filter Include="Source Files">
      <UniqueIdentifier>{4FC737F1-C7A5-4376-A066-2A32D752A2FF}</UniqueIdentifier>
      <Extensions>cpp;c;cc;cxx;c++;cppm;ixx;def;odl;idl;hpj;bat;asm;asmx</Extensions>
    </Filter>
    <Filter Include="Shaders">
      <UniqueIdentifier>{629b1e3a-e383-48b4-b6ae-7c1f9884dd36}</UniqueIdentifier>
    </Filter>
    <Filter Include="NewFilter1">
      <UniqueIdentifier>{6efaf4e6-8435-4231-ac41-53623e56dbed}</UniqueIdentifier>
    </Filter>
  </ItemGroup>
  <ItemGroup>
    <ClCompile Include="OpenGL_submarine.cpp">
      <Filter>Source Files</Filter>
    </ClCompile>
    <ClCompile Include="Camera.cpp">
      <Filter>Source Files</Filter>
    </ClCompile>
    <ClCompile Include="Shader.cpp">
      <Filter>Source Files</Filter>
    </ClCompile>
    <ClCompile Include="GerstnerWave.cpp">
      <Filter>Source Files</Filter>
    </ClCompile>
    <ClCompile Include="Ocean.cpp">
      <Filter>Source Files</Filter>
    </ClCompile>
    <ClCompile Include="SkyBox.cpp">
      <Filter>Source Files</Filter>
    </ClCompile>
    <ClCompile Include="PerlinNoise.cpp">
      <Filter>Source Files</Filter>
    </ClCompile>
  </ItemGroup>
  <ItemGroup>
    <None Include="Water.fs" />
    <None Include="Water2.vs">
      <Filter>Source Files</Filter>
    </None>
    <None Include="SkyBox.vs">
      <Filter>Source Files</Filter>
    </None>
    <None Include="SkyBox.fs">
      <Filter>Source Files</Filter>
    </None>
    <None Include="packages.config" />
    <None Include="..\..\..\..\ViewOBJModel\Shaders\PhongLight.fs">
      <Filter>Shaders</Filter>
    </None>
    <None Include="..\..\..\..\ViewOBJModel\Shaders\PhongLight.vs">
      <Filter>Shaders</Filter>
    </None>
  </ItemGroup>
  <ItemGroup>
    <ClInclude Include="Vertex.h" />
    <ClInclude Include="Texture.h" />
    <ClInclude Include="Shader.h" />
    <ClInclude Include="Mesh.h" />
    <ClInclude Include="Model.h" />
    <None Include="Terrain.vs">
      <Filter>Source Files</Filter>
    </None>
    <None Include="Terrain.fs" />
    <None Include="Wall.vs">
      <Filter>Source Files</Filter>
    </None>
    <None Include="Wall.fs">
      <Filter>Source Files</Filter>
    </None>
  </ItemGroup>
</Project>